// !$*UTF8*$!
{
	archiveVersion = 1;
	classes = {
	};
	objectVersion = 46;
	objects = {

/* Begin PBXBuildFile section */
		192F011F187EFB57002974E1 /* PicWalkImageCell.m in Sources */ = {isa = PBXBuildFile; fileRef = 192F011E187EFB57002974E1 /* PicWalkImageCell.m */; };
		1995FFBC187EE87000EE1AB7 /* Foundation.framework in Frameworks */ = {isa = PBXBuildFile; fileRef = 1995FFBB187EE87000EE1AB7 /* Foundation.framework */; };
		1995FFBE187EE87000EE1AB7 /* CoreGraphics.framework in Frameworks */ = {isa = PBXBuildFile; fileRef = 1995FFBD187EE87000EE1AB7 /* CoreGraphics.framework */; };
		1995FFC0187EE87000EE1AB7 /* UIKit.framework in Frameworks */ = {isa = PBXBuildFile; fileRef = 1995FFBF187EE87000EE1AB7 /* UIKit.framework */; };
		1995FFC2187EE87000EE1AB7 /* CoreData.framework in Frameworks */ = {isa = PBXBuildFile; fileRef = 1995FFC1187EE87000EE1AB7 /* CoreData.framework */; };
		1995FFC8187EE87000EE1AB7 /* InfoPlist.strings in Resources */ = {isa = PBXBuildFile; fileRef = 1995FFC6187EE87000EE1AB7 /* InfoPlist.strings */; };
		1995FFCA187EE87000EE1AB7 /* main.m in Sources */ = {isa = PBXBuildFile; fileRef = 1995FFC9187EE87000EE1AB7 /* main.m */; };
		1995FFCE187EE87000EE1AB7 /* AppDelegate.m in Sources */ = {isa = PBXBuildFile; fileRef = 1995FFCD187EE87000EE1AB7 /* AppDelegate.m */; };
		1995FFD1187EE87000EE1AB7 /* PicWalk.xcdatamodeld in Sources */ = {isa = PBXBuildFile; fileRef = 1995FFCF187EE87000EE1AB7 /* PicWalk.xcdatamodeld */; };
		1995FFD3187EE87000EE1AB7 /* Images.xcassets in Resources */ = {isa = PBXBuildFile; fileRef = 1995FFD2187EE87000EE1AB7 /* Images.xcassets */; };
		1995FFDA187EE87000EE1AB7 /* XCTest.framework in Frameworks */ = {isa = PBXBuildFile; fileRef = 1995FFD9187EE87000EE1AB7 /* XCTest.framework */; };
		1995FFDB187EE87000EE1AB7 /* Foundation.framework in Frameworks */ = {isa = PBXBuildFile; fileRef = 1995FFBB187EE87000EE1AB7 /* Foundation.framework */; };
		1995FFDC187EE87000EE1AB7 /* UIKit.framework in Frameworks */ = {isa = PBXBuildFile; fileRef = 1995FFBF187EE87000EE1AB7 /* UIKit.framework */; };
		1995FFDD187EE87000EE1AB7 /* CoreData.framework in Frameworks */ = {isa = PBXBuildFile; fileRef = 1995FFC1187EE87000EE1AB7 /* CoreData.framework */; };
		1995FFE5187EE87000EE1AB7 /* InfoPlist.strings in Resources */ = {isa = PBXBuildFile; fileRef = 1995FFE3187EE87000EE1AB7 /* InfoPlist.strings */; };
		1995FFE7187EE87000EE1AB7 /* PicWalkTests.m in Sources */ = {isa = PBXBuildFile; fileRef = 1995FFE6187EE87000EE1AB7 /* PicWalkTests.m */; };
		1995FFF1187EE87E00EE1AB7 /* CoreLocation.framework in Frameworks */ = {isa = PBXBuildFile; fileRef = 1995FFF0187EE87E00EE1AB7 /* CoreLocation.framework */; };
		1995FFF4187EE9E500EE1AB7 /* MainViewController.m in Sources */ = {isa = PBXBuildFile; fileRef = 1995FFF3187EE9E500EE1AB7 /* MainViewController.m */; };
		1995FFF7187EEB3500EE1AB7 /* PicWalkLocationManager.m in Sources */ = {isa = PBXBuildFile; fileRef = 1995FFF6187EEB3500EE1AB7 /* PicWalkLocationManager.m */; };
		19A86A2E187EEBD200912F0A /* PicWalkImageManager.m in Sources */ = {isa = PBXBuildFile; fileRef = 19A86A2D187EEBD200912F0A /* PicWalkImageManager.m */; };
		A11A24291599421BB19E4BB7 /* libPods-PicWalk.a in Frameworks */ = {isa = PBXBuildFile; fileRef = 35E6D038CF944A6FAB30AA75 /* libPods-PicWalk.a */; };
/* End PBXBuildFile section */

/* Begin PBXContainerItemProxy section */
		1995FFDE187EE87000EE1AB7 /* PBXContainerItemProxy */ = {
			isa = PBXContainerItemProxy;
			containerPortal = 1995FFB0187EE87000EE1AB7 /* Project object */;
			proxyType = 1;
			remoteGlobalIDString = 1995FFB7187EE87000EE1AB7;
			remoteInfo = PicWalk;
		};
/* End PBXContainerItemProxy section */

/* Begin PBXFileReference section */
		192F011D187EFB57002974E1 /* PicWalkImageCell.h */ = {isa = PBXFileReference; fileEncoding = 4; lastKnownFileType = sourcecode.c.h; name = PicWalkImageCell.h; path = Classes/PicWalkImageCell.h; sourceTree = "<group>"; };
		192F011E187EFB57002974E1 /* PicWalkImageCell.m */ = {isa = PBXFileReference; fileEncoding = 4; lastKnownFileType = sourcecode.c.objc; name = PicWalkImageCell.m; path = Classes/PicWalkImageCell.m; sourceTree = "<group>"; };
		1995FFB8187EE87000EE1AB7 /* PicWalk.app */ = {isa = PBXFileReference; explicitFileType = wrapper.application; includeInIndex = 0; path = PicWalk.app; sourceTree = BUILT_PRODUCTS_DIR; };
		1995FFBB187EE87000EE1AB7 /* Foundation.framework */ = {isa = PBXFileReference; lastKnownFileType = wrapper.framework; name = Foundation.framework; path = System/Library/Frameworks/Foundation.framework; sourceTree = SDKROOT; };
		1995FFBD187EE87000EE1AB7 /* CoreGraphics.framework */ = {isa = PBXFileReference; lastKnownFileType = wrapper.framework; name = CoreGraphics.framework; path = System/Library/Frameworks/CoreGraphics.framework; sourceTree = SDKROOT; };
		1995FFBF187EE87000EE1AB7 /* UIKit.framework */ = {isa = PBXFileReference; lastKnownFileType = wrapper.framework; name = UIKit.framework; path = System/Library/Frameworks/UIKit.framework; sourceTree = SDKROOT; };
		1995FFC1187EE87000EE1AB7 /* CoreData.framework */ = {isa = PBXFileReference; lastKnownFileType = wrapper.framework; name = CoreData.framework; path = System/Library/Frameworks/CoreData.framework; sourceTree = SDKROOT; };
		1995FFC5187EE87000EE1AB7 /* PicWalk-Info.plist */ = {isa = PBXFileReference; lastKnownFileType = text.plist.xml; path = "PicWalk-Info.plist"; sourceTree = "<group>"; };
		1995FFC7187EE87000EE1AB7 /* en */ = {isa = PBXFileReference; lastKnownFileType = text.plist.strings; name = en; path = en.lproj/InfoPlist.strings; sourceTree = "<group>"; };
		1995FFC9187EE87000EE1AB7 /* main.m */ = {isa = PBXFileReference; lastKnownFileType = sourcecode.c.objc; path = main.m; sourceTree = "<group>"; };
		1995FFCB187EE87000EE1AB7 /* PicWalk-Prefix.pch */ = {isa = PBXFileReference; lastKnownFileType = sourcecode.c.h; path = "PicWalk-Prefix.pch"; sourceTree = "<group>"; };
		1995FFCC187EE87000EE1AB7 /* AppDelegate.h */ = {isa = PBXFileReference; lastKnownFileType = sourcecode.c.h; path = AppDelegate.h; sourceTree = "<group>"; };
		1995FFCD187EE87000EE1AB7 /* AppDelegate.m */ = {isa = PBXFileReference; lastKnownFileType = sourcecode.c.objc; path = AppDelegate.m; sourceTree = "<group>"; };
		1995FFD0187EE87000EE1AB7 /* PicWalk.xcdatamodel */ = {isa = PBXFileReference; lastKnownFileType = wrapper.xcdatamodel; path = PicWalk.xcdatamodel; sourceTree = "<group>"; };
		1995FFD2187EE87000EE1AB7 /* Images.xcassets */ = {isa = PBXFileReference; lastKnownFileType = folder.assetcatalog; path = Images.xcassets; sourceTree = "<group>"; };
		1995FFD8187EE87000EE1AB7 /* PicWalkTests.xctest */ = {isa = PBXFileReference; explicitFileType = wrapper.cfbundle; includeInIndex = 0; path = PicWalkTests.xctest; sourceTree = BUILT_PRODUCTS_DIR; };
		1995FFD9187EE87000EE1AB7 /* XCTest.framework */ = {isa = PBXFileReference; lastKnownFileType = wrapper.framework; name = XCTest.framework; path = Library/Frameworks/XCTest.framework; sourceTree = DEVELOPER_DIR; };
		1995FFE2187EE87000EE1AB7 /* PicWalkTests-Info.plist */ = {isa = PBXFileReference; lastKnownFileType = text.plist.xml; path = "PicWalkTests-Info.plist"; sourceTree = "<group>"; };
		1995FFE4187EE87000EE1AB7 /* en */ = {isa = PBXFileReference; lastKnownFileType = text.plist.strings; name = en; path = en.lproj/InfoPlist.strings; sourceTree = "<group>"; };
		1995FFE6187EE87000EE1AB7 /* PicWalkTests.m */ = {isa = PBXFileReference; lastKnownFileType = sourcecode.c.objc; path = PicWalkTests.m; sourceTree = "<group>"; };
		1995FFF0187EE87E00EE1AB7 /* CoreLocation.framework */ = {isa = PBXFileReference; lastKnownFileType = wrapper.framework; name = CoreLocation.framework; path = System/Library/Frameworks/CoreLocation.framework; sourceTree = SDKROOT; };
		1995FFF2187EE9E500EE1AB7 /* MainViewController.h */ = {isa = PBXFileReference; fileEncoding = 4; lastKnownFileType = sourcecode.c.h; name = MainViewController.h; path = Classes/MainViewController.h; sourceTree = "<group>"; };
		1995FFF3187EE9E500EE1AB7 /* MainViewController.m */ = {isa = PBXFileReference; fileEncoding = 4; lastKnownFileType = sourcecode.c.objc; name = MainViewController.m; path = Classes/MainViewController.m; sourceTree = "<group>"; };
		1995FFF5187EEB3500EE1AB7 /* PicWalkLocationManager.h */ = {isa = PBXFileReference; fileEncoding = 4; lastKnownFileType = sourcecode.c.h; name = PicWalkLocationManager.h; path = Classes/PicWalkLocationManager.h; sourceTree = "<group>"; };
		1995FFF6187EEB3500EE1AB7 /* PicWalkLocationManager.m */ = {isa = PBXFileReference; fileEncoding = 4; lastKnownFileType = sourcecode.c.objc; name = PicWalkLocationManager.m; path = Classes/PicWalkLocationManager.m; sourceTree = "<group>"; };
		19A86A2C187EEBD200912F0A /* PicWalkImageManager.h */ = {isa = PBXFileReference; fileEncoding = 4; lastKnownFileType = sourcecode.c.h; name = PicWalkImageManager.h; path = Classes/PicWalkImageManager.h; sourceTree = "<group>"; };
		19A86A2D187EEBD200912F0A /* PicWalkImageManager.m */ = {isa = PBXFileReference; fileEncoding = 4; lastKnownFileType = sourcecode.c.objc; name = PicWalkImageManager.m; path = Classes/PicWalkImageManager.m; sourceTree = "<group>"; };
		35E6D038CF944A6FAB30AA75 /* libPods-PicWalk.a */ = {isa = PBXFileReference; explicitFileType = archive.ar; includeInIndex = 0; path = "libPods-PicWalk.a"; sourceTree = BUILT_PRODUCTS_DIR; };
		CF5168A51DBB4933914F0F2F /* Pods-PicWalk.xcconfig */ = {isa = PBXFileReference; includeInIndex = 1; lastKnownFileType = text.xcconfig; name = "Pods-PicWalk.xcconfig"; path = "Pods/Pods-PicWalk.xcconfig"; sourceTree = "<group>"; };
/* End PBXFileReference section */

/* Begin PBXFrameworksBuildPhase section */
		1995FFB5187EE87000EE1AB7 /* Frameworks */ = {
			isa = PBXFrameworksBuildPhase;
			buildActionMask = 2147483647;
			files = (
				1995FFF1187EE87E00EE1AB7 /* CoreLocation.framework in Frameworks */,
				1995FFBE187EE87000EE1AB7 /* CoreGraphics.framework in Frameworks */,
				1995FFC2187EE87000EE1AB7 /* CoreData.framework in Frameworks */,
				1995FFC0187EE87000EE1AB7 /* UIKit.framework in Frameworks */,
				1995FFBC187EE87000EE1AB7 /* Foundation.framework in Frameworks */,
				A11A24291599421BB19E4BB7 /* libPods-PicWalk.a in Frameworks */,
			);
			runOnlyForDeploymentPostprocessing = 0;
		};
		1995FFD5187EE87000EE1AB7 /* Frameworks */ = {
			isa = PBXFrameworksBuildPhase;
			buildActionMask = 2147483647;
			files = (
				1995FFDA187EE87000EE1AB7 /* XCTest.framework in Frameworks */,
				1995FFDD187EE87000EE1AB7 /* CoreData.framework in Frameworks */,
				1995FFDC187EE87000EE1AB7 /* UIKit.framework in Frameworks */,
				1995FFDB187EE87000EE1AB7 /* Foundation.framework in Frameworks */,
			);
			runOnlyForDeploymentPostprocessing = 0;
		};
/* End PBXFrameworksBuildPhase section */

/* Begin PBXGroup section */
		1995FFAF187EE87000EE1AB7 = {
			isa = PBXGroup;
			children = (
				1995FFC3187EE87000EE1AB7 /* PicWalk */,
				1995FFE0187EE87000EE1AB7 /* PicWalkTests */,
				1995FFBA187EE87000EE1AB7 /* Frameworks */,
				1995FFB9187EE87000EE1AB7 /* Products */,
				CF5168A51DBB4933914F0F2F /* Pods-PicWalk.xcconfig */,
			);
			sourceTree = "<group>";
		};
		1995FFB9187EE87000EE1AB7 /* Products */ = {
			isa = PBXGroup;
			children = (
				1995FFB8187EE87000EE1AB7 /* PicWalk.app */,
				1995FFD8187EE87000EE1AB7 /* PicWalkTests.xctest */,
			);
			name = Products;
			sourceTree = "<group>";
		};
		1995FFBA187EE87000EE1AB7 /* Frameworks */ = {
			isa = PBXGroup;
			children = (
				1995FFF0187EE87E00EE1AB7 /* CoreLocation.framework */,
				1995FFBB187EE87000EE1AB7 /* Foundation.framework */,
				1995FFBD187EE87000EE1AB7 /* CoreGraphics.framework */,
				1995FFBF187EE87000EE1AB7 /* UIKit.framework */,
				1995FFC1187EE87000EE1AB7 /* CoreData.framework */,
				1995FFD9187EE87000EE1AB7 /* XCTest.framework */,
				35E6D038CF944A6FAB30AA75 /* libPods-PicWalk.a */,
			);
			name = Frameworks;
			sourceTree = "<group>";
		};
		1995FFC3187EE87000EE1AB7 /* PicWalk */ = {
			isa = PBXGroup;
			children = (
				1995FFCC187EE87000EE1AB7 /* AppDelegate.h */,
				1995FFCD187EE87000EE1AB7 /* AppDelegate.m */,
				1995FFF2187EE9E500EE1AB7 /* MainViewController.h */,
				1995FFF3187EE9E500EE1AB7 /* MainViewController.m */,
				192F011D187EFB57002974E1 /* PicWalkImageCell.h */,
				192F011E187EFB57002974E1 /* PicWalkImageCell.m */,
				1995FFF5187EEB3500EE1AB7 /* PicWalkLocationManager.h */,
				1995FFF6187EEB3500EE1AB7 /* PicWalkLocationManager.m */,
				19A86A2C187EEBD200912F0A /* PicWalkImageManager.h */,
				19A86A2D187EEBD200912F0A /* PicWalkImageManager.m */,
				1995FFD2187EE87000EE1AB7 /* Images.xcassets */,
				1995FFCF187EE87000EE1AB7 /* PicWalk.xcdatamodeld */,
				1995FFC4187EE87000EE1AB7 /* Supporting Files */,
			);
			path = PicWalk;
			sourceTree = "<group>";
		};
		1995FFC4187EE87000EE1AB7 /* Supporting Files */ = {
			isa = PBXGroup;
			children = (
				1995FFC5187EE87000EE1AB7 /* PicWalk-Info.plist */,
				1995FFC6187EE87000EE1AB7 /* InfoPlist.strings */,
				1995FFC9187EE87000EE1AB7 /* main.m */,
				1995FFCB187EE87000EE1AB7 /* PicWalk-Prefix.pch */,
			);
			name = "Supporting Files";
			sourceTree = "<group>";
		};
		1995FFE0187EE87000EE1AB7 /* PicWalkTests */ = {
			isa = PBXGroup;
			children = (
				1995FFE6187EE87000EE1AB7 /* PicWalkTests.m */,
				1995FFE1187EE87000EE1AB7 /* Supporting Files */,
			);
			path = PicWalkTests;
			sourceTree = "<group>";
		};
		1995FFE1187EE87000EE1AB7 /* Supporting Files */ = {
			isa = PBXGroup;
			children = (
				1995FFE2187EE87000EE1AB7 /* PicWalkTests-Info.plist */,
				1995FFE3187EE87000EE1AB7 /* InfoPlist.strings */,
			);
			name = "Supporting Files";
			sourceTree = "<group>";
		};
/* End PBXGroup section */

/* Begin PBXNativeTarget section */
		1995FFB7187EE87000EE1AB7 /* PicWalk */ = {
			isa = PBXNativeTarget;
			buildConfigurationList = 1995FFEA187EE87000EE1AB7 /* Build configuration list for PBXNativeTarget "PicWalk" */;
			buildPhases = (
				FB0B0F11758A46B5B046A966 /* Check Pods Manifest.lock */,
				1995FFB4187EE87000EE1AB7 /* Sources */,
				1995FFB5187EE87000EE1AB7 /* Frameworks */,
				1995FFB6187EE87000EE1AB7 /* Resources */,
				879A66E9DC314325A5431805 /* Copy Pods Resources */,
			);
			buildRules = (
			);
			dependencies = (
			);
			name = PicWalk;
			productName = PicWalk;
			productReference = 1995FFB8187EE87000EE1AB7 /* PicWalk.app */;
			productType = "com.apple.product-type.application";
		};
		1995FFD7187EE87000EE1AB7 /* PicWalkTests */ = {
			isa = PBXNativeTarget;
			buildConfigurationList = 1995FFED187EE87000EE1AB7 /* Build configuration list for PBXNativeTarget "PicWalkTests" */;
			buildPhases = (
				1995FFD4187EE87000EE1AB7 /* Sources */,
				1995FFD5187EE87000EE1AB7 /* Frameworks */,
				1995FFD6187EE87000EE1AB7 /* Resources */,
			);
			buildRules = (
			);
			dependencies = (
				1995FFDF187EE87000EE1AB7 /* PBXTargetDependency */,
			);
			name = PicWalkTests;
			productName = PicWalkTests;
			productReference = 1995FFD8187EE87000EE1AB7 /* PicWalkTests.xctest */;
			productType = "com.apple.product-type.bundle.unit-test";
		};
/* End PBXNativeTarget section */

/* Begin PBXProject section */
		1995FFB0187EE87000EE1AB7 /* Project object */ = {
			isa = PBXProject;
			attributes = {
				LastUpgradeCheck = 0500;
				ORGANIZATIONNAME = Sashimiblade;
				TargetAttributes = {
					1995FFD7187EE87000EE1AB7 = {
						TestTargetID = 1995FFB7187EE87000EE1AB7;
					};
				};
			};
			buildConfigurationList = 1995FFB3187EE87000EE1AB7 /* Build configuration list for PBXProject "PicWalk" */;
			compatibilityVersion = "Xcode 3.2";
			developmentRegion = English;
			hasScannedForEncodings = 0;
			knownRegions = (
				en,
			);
			mainGroup = 1995FFAF187EE87000EE1AB7;
			productRefGroup = 1995FFB9187EE87000EE1AB7 /* Products */;
			projectDirPath = "";
			projectRoot = "";
			targets = (
				1995FFB7187EE87000EE1AB7 /* PicWalk */,
				1995FFD7187EE87000EE1AB7 /* PicWalkTests */,
			);
		};
/* End PBXProject section */

/* Begin PBXResourcesBuildPhase section */
		1995FFB6187EE87000EE1AB7 /* Resources */ = {
			isa = PBXResourcesBuildPhase;
			buildActionMask = 2147483647;
			files = (
				1995FFC8187EE87000EE1AB7 /* InfoPlist.strings in Resources */,
				1995FFD3187EE87000EE1AB7 /* Images.xcassets in Resources */,
			);
			runOnlyForDeploymentPostprocessing = 0;
		};
		1995FFD6187EE87000EE1AB7 /* Resources */ = {
			isa = PBXResourcesBuildPhase;
			buildActionMask = 2147483647;
			files = (
				1995FFE5187EE87000EE1AB7 /* InfoPlist.strings in Resources */,
			);
			runOnlyForDeploymentPostprocessing = 0;
		};
/* End PBXResourcesBuildPhase section */

/* Begin PBXShellScriptBuildPhase section */
		879A66E9DC314325A5431805 /* Copy Pods Resources */ = {
			isa = PBXShellScriptBuildPhase;
			buildActionMask = 2147483647;
			files = (
			);
			inputPaths = (
			);
			name = "Copy Pods Resources";
			outputPaths = (
			);
			runOnlyForDeploymentPostprocessing = 0;
			shellPath = /bin/sh;
			shellScript = "\"${SRCROOT}/Pods/Pods-PicWalk-resources.sh\"\n";
			showEnvVarsInLog = 0;
		};
		FB0B0F11758A46B5B046A966 /* Check Pods Manifest.lock */ = {
			isa = PBXShellScriptBuildPhase;
			buildActionMask = 2147483647;
			files = (
			);
			inputPaths = (
			);
			name = "Check Pods Manifest.lock";
			outputPaths = (
			);
			runOnlyForDeploymentPostprocessing = 0;
			shellPath = /bin/sh;
			shellScript = "diff \"${PODS_ROOT}/../Podfile.lock\" \"${PODS_ROOT}/Manifest.lock\" > /dev/null\nif [[ $? != 0 ]] ; then\n    cat << EOM\nerror: The sandbox is not in sync with the Podfile.lock. Run 'pod install' or update your CocoaPods installation.\nEOM\n    exit 1\nfi\n";
			showEnvVarsInLog = 0;
		};
/* End PBXShellScriptBuildPhase section */

/* Begin PBXSourcesBuildPhase section */
		1995FFB4187EE87000EE1AB7 /* Sources */ = {
			isa = PBXSourcesBuildPhase;
			buildActionMask = 2147483647;
			files = (
				1995FFCE187EE87000EE1AB7 /* AppDelegate.m in Sources */,
				1995FFCA187EE87000EE1AB7 /* main.m in Sources */,
				1995FFF7187EEB3500EE1AB7 /* PicWalkLocationManager.m in Sources */,
				19A86A2E187EEBD200912F0A /* PicWalkImageManager.m in Sources */,
				1995FFD1187EE87000EE1AB7 /* PicWalk.xcdatamodeld in Sources */,
				192F011F187EFB57002974E1 /* PicWalkImageCell.m in Sources */,
				1995FFF4187EE9E500EE1AB7 /* MainViewController.m in Sources */,
			);
			runOnlyForDeploymentPostprocessing = 0;
		};
		1995FFD4187EE87000EE1AB7 /* Sources */ = {
			isa = PBXSourcesBuildPhase;
			buildActionMask = 2147483647;
			files = (
				1995FFE7187EE87000EE1AB7 /* PicWalkTests.m in Sources */,
			);
			runOnlyForDeploymentPostprocessing = 0;
		};
/* End PBXSourcesBuildPhase section */

/* Begin PBXTargetDependency section */
		1995FFDF187EE87000EE1AB7 /* PBXTargetDependency */ = {
			isa = PBXTargetDependency;
			target = 1995FFB7187EE87000EE1AB7 /* PicWalk */;
			targetProxy = 1995FFDE187EE87000EE1AB7 /* PBXContainerItemProxy */;
		};
/* End PBXTargetDependency section */

/* Begin PBXVariantGroup section */
		1995FFC6187EE87000EE1AB7 /* InfoPlist.strings */ = {
			isa = PBXVariantGroup;
			children = (
				1995FFC7187EE87000EE1AB7 /* en */,
			);
			name = InfoPlist.strings;
			sourceTree = "<group>";
		};
		1995FFE3187EE87000EE1AB7 /* InfoPlist.strings */ = {
			isa = PBXVariantGroup;
			children = (
				1995FFE4187EE87000EE1AB7 /* en */,
			);
			name = InfoPlist.strings;
			sourceTree = "<group>";
		};
/* End PBXVariantGroup section */

/* Begin XCBuildConfiguration section */
		1995FFE8187EE87000EE1AB7 /* Debug */ = {
			isa = XCBuildConfiguration;
			buildSettings = {
				ALWAYS_SEARCH_USER_PATHS = NO;
				ARCHS = "$(ARCHS_STANDARD_INCLUDING_64_BIT)";
				CLANG_CXX_LANGUAGE_STANDARD = "gnu++0x";
				CLANG_CXX_LIBRARY = "libc++";
				CLANG_ENABLE_MODULES = YES;
				CLANG_ENABLE_OBJC_ARC = YES;
				CLANG_WARN_BOOL_CONVERSION = YES;
				CLANG_WARN_CONSTANT_CONVERSION = YES;
				CLANG_WARN_DIRECT_OBJC_ISA_USAGE = YES_ERROR;
				CLANG_WARN_EMPTY_BODY = YES;
				CLANG_WARN_ENUM_CONVERSION = YES;
				CLANG_WARN_INT_CONVERSION = YES;
				CLANG_WARN_OBJC_ROOT_CLASS = YES_ERROR;
				CLANG_WARN__DUPLICATE_METHOD_MATCH = YES;
				"CODE_SIGN_IDENTITY[sdk=iphoneos*]" = "iPhone Developer";
				COPY_PHASE_STRIP = NO;
				GCC_C_LANGUAGE_STANDARD = gnu99;
				GCC_DYNAMIC_NO_PIC = NO;
				GCC_OPTIMIZATION_LEVEL = 0;
				GCC_PREPROCESSOR_DEFINITIONS = (
					"DEBUG=1",
					"$(inherited)",
				);
				GCC_SYMBOLS_PRIVATE_EXTERN = NO;
				GCC_WARN_64_TO_32_BIT_CONVERSION = YES;
				GCC_WARN_ABOUT_RETURN_TYPE = YES_ERROR;
				GCC_WARN_UNDECLARED_SELECTOR = YES;
				GCC_WARN_UNINITIALIZED_AUTOS = YES;
				GCC_WARN_UNUSED_FUNCTION = YES;
				GCC_WARN_UNUSED_VARIABLE = YES;
				IPHONEOS_DEPLOYMENT_TARGET = 7.0;
				ONLY_ACTIVE_ARCH = YES;
				SDKROOT = iphoneos;
				TARGETED_DEVICE_FAMILY = "1,2";
			};
			name = Debug;
		};
		1995FFE9187EE87000EE1AB7 /* Release */ = {
			isa = XCBuildConfiguration;
			buildSettings = {
				ALWAYS_SEARCH_USER_PATHS = NO;
				ARCHS = "$(ARCHS_STANDARD_INCLUDING_64_BIT)";
				CLANG_CXX_LANGUAGE_STANDARD = "gnu++0x";
				CLANG_CXX_LIBRARY = "libc++";
				CLANG_ENABLE_MODULES = YES;
				CLANG_ENABLE_OBJC_ARC = YES;
				CLANG_WARN_BOOL_CONVERSION = YES;
				CLANG_WARN_CONSTANT_CONVERSION = YES;
				CLANG_WARN_DIRECT_OBJC_ISA_USAGE = YES_ERROR;
				CLANG_WARN_EMPTY_BODY = YES;
				CLANG_WARN_ENUM_CONVERSION = YES;
				CLANG_WARN_INT_CONVERSION = YES;
				CLANG_WARN_OBJC_ROOT_CLASS = YES_ERROR;
				CLANG_WARN__DUPLICATE_METHOD_MATCH = YES;
				"CODE_SIGN_IDENTITY[sdk=iphoneos*]" = "iPhone Developer";
				COPY_PHASE_STRIP = YES;
				ENABLE_NS_ASSERTIONS = NO;
				GCC_C_LANGUAGE_STANDARD = gnu99;
				GCC_WARN_64_TO_32_BIT_CONVERSION = YES;
				GCC_WARN_ABOUT_RETURN_TYPE = YES_ERROR;
				GCC_WARN_UNDECLARED_SELECTOR = YES;
				GCC_WARN_UNINITIALIZED_AUTOS = YES;
				GCC_WARN_UNUSED_FUNCTION = YES;
				GCC_WARN_UNUSED_VARIABLE = YES;
				IPHONEOS_DEPLOYMENT_TARGET = 7.0;
				SDKROOT = iphoneos;
				TARGETED_DEVICE_FAMILY = "1,2";
				VALIDATE_PRODUCT = YES;
			};
			name = Release;
		};
		1995FFEB187EE87000EE1AB7 /* Debug */ = {
			isa = XCBuildConfiguration;
			baseConfigurationReference = CF5168A51DBB4933914F0F2F /* Pods-PicWalk.xcconfig */;
			buildSettings = {
				ASSETCATALOG_COMPILER_APPICON_NAME = AppIcon;
				ASSETCATALOG_COMPILER_LAUNCHIMAGE_NAME = LaunchImage;
				GCC_PRECOMPILE_PREFIX_HEADER = YES;
				GCC_PREFIX_HEADER = "PicWalk/PicWalk-Prefix.pch";
				INFOPLIST_FILE = "PicWalk/PicWalk-Info.plist";
				PRODUCT_NAME = "$(TARGET_NAME)";
				WRAPPER_EXTENSION = app;
			};
			name = Debug;
		};
		1995FFEC187EE87000EE1AB7 /* Release */ = {
			isa = XCBuildConfiguration;
			baseConfigurationReference = CF5168A51DBB4933914F0F2F /* Pods-PicWalk.xcconfig */;
			buildSettings = {
				ASSETCATALOG_COMPILER_APPICON_NAME = AppIcon;
				ASSETCATALOG_COMPILER_LAUNCHIMAGE_NAME = LaunchImage;
				GCC_PRECOMPILE_PREFIX_HEADER = YES;
				GCC_PREFIX_HEADER = "PicWalk/PicWalk-Prefix.pch";
				INFOPLIST_FILE = "PicWalk/PicWalk-Info.plist";
				PRODUCT_NAME = "$(TARGET_NAME)";
				WRAPPER_EXTENSION = app;
			};
			name = Release;
		};
		1995FFEE187EE87000EE1AB7 /* Debug */ = {
			isa = XCBuildConfiguration;
			buildSettings = {
				ARCHS = "$(ARCHS_STANDARD_INCLUDING_64_BIT)";
				BUNDLE_LOADER = "$(BUILT_PRODUCTS_DIR)/PicWalk.app/PicWalk";
				FRAMEWORK_SEARCH_PATHS = (
					"$(SDKROOT)/Developer/Library/Frameworks",
					"$(inherited)",
					"$(DEVELOPER_FRAMEWORKS_DIR)",
				);
				GCC_PRECOMPILE_PREFIX_HEADER = YES;
				GCC_PREFIX_HEADER = "PicWalk/PicWalk-Prefix.pch";
				GCC_PREPROCESSOR_DEFINITIONS = (
					"DEBUG=1",
					"$(inherited)",
				);
				INFOPLIST_FILE = "PicWalkTests/PicWalkTests-Info.plist";
				PRODUCT_NAME = "$(TARGET_NAME)";
				TEST_HOST = "$(BUNDLE_LOADER)";
				WRAPPER_EXTENSION = xctest;
			};
			name = Debug;
		};
		1995FFEF187EE87000EE1AB7 /* Release */ = {
			isa = XCBuildConfiguration;
			buildSettings = {
				ARCHS = "$(ARCHS_STANDARD_INCLUDING_64_BIT)";
				BUNDLE_LOADER = "$(BUILT_PRODUCTS_DIR)/PicWalk.app/PicWalk";
				FRAMEWORK_SEARCH_PATHS = (
					"$(SDKROOT)/Developer/Library/Frameworks",
					"$(inherited)",
					"$(DEVELOPER_FRAMEWORKS_DIR)",
				);
				GCC_PRECOMPILE_PREFIX_HEADER = YES;
				GCC_PREFIX_HEADER = "PicWalk/PicWalk-Prefix.pch";
				INFOPLIST_FILE = "PicWalkTests/PicWalkTests-Info.plist";
				PRODUCT_NAME = "$(TARGET_NAME)";
				TEST_HOST = "$(BUNDLE_LOADER)";
				WRAPPER_EXTENSION = xctest;
			};
			name = Release;
		};
/* End XCBuildConfiguration section */

/* Begin XCConfigurationList section */
		1995FFB3187EE87000EE1AB7 /* Build configuration list for PBXProject "PicWalk" */ = {
			isa = XCConfigurationList;
			buildConfigurations = (
				1995FFE8187EE87000EE1AB7 /* Debug */,
				1995FFE9187EE87000EE1AB7 /* Release */,
			);
			defaultConfigurationIsVisible = 0;
			defaultConfigurationName = Release;
		};
		1995FFEA187EE87000EE1AB7 /* Build configuration list for PBXNativeTarget "PicWalk" */ = {
			isa = XCConfigurationList;
			buildConfigurations = (
				1995FFEB187EE87000EE1AB7 /* Debug */,
				1995FFEC187EE87000EE1AB7 /* Release */,
			);
			defaultConfigurationIsVisible = 0;
			defaultConfigurationName = Release;
		};
		1995FFED187EE87000EE1AB7 /* Build configuration list for PBXNativeTarget "PicWalkTests" */ = {
			isa = XCConfigurationList;
			buildConfigurations = (
				1995FFEE187EE87000EE1AB7 /* Debug */,
				1995FFEF187EE87000EE1AB7 /* Release */,
			);
			defaultConfigurationIsVisible = 0;
			defaultConfigurationName = Release;
		};
/* End XCConfigurationList section */

/* Begin XCVersionGroup section */
		1995FFCF187EE87000EE1AB7 /* PicWalk.xcdatamodeld */ = {
			isa = XCVersionGroup;
			children = (
				1995FFD0187EE87000EE1AB7 /* PicWalk.xcdatamodel */,
			);
			currentVersion = 1995FFD0187EE87000EE1AB7 /* PicWalk.xcdatamodel */;
			path = PicWalk.xcdatamodeld;
			sourceTree = "<group>";
			versionGroupType = wrapper.xcdatamodel;
		};
/* End XCVersionGroup section */
	};
	rootObject = 1995FFB0187EE87000EE1AB7 /* Project object */;
}
